
Microsoft Visual Studio Solution File, Format Version 12.00
# Visual Studio Version 17
VisualStudioVersion = 17.5.002.0
MinimumVisualStudioVersion = 10.0.40219.1
Project("{9A19103F-16F7-4668-BE54-9A1E7A4F7556}") = "Medeasy-Backend", "Medeasy-Backend.csproj", "{BFB71301-D419-4BE2-B109-9D489B8584DA}"
EndProject
Global
	GlobalSection(SolutionConfigurationPlatforms) = preSolution
		Debug|Any CPU = Debug|Any CPU
		Release|Any CPU = Release|Any CPU
	EndGlobalSection
	GlobalSection(ProjectConfigurationPlatforms) = postSolution
		{BFB71301-D419-4BE2-B109-9D489B8584DA}.Debug|Any CPU.ActiveCfg = Debug|Any CPU
		{BFB71301-D419-4BE2-B109-9D489B8584DA}.Debug|Any CPU.Build.0 = Debug|Any CPU
		{BFB71301-D419-4BE2-B109-9D489B8584DA}.Release|Any CPU.ActiveCfg = Release|Any CPU
		{BFB71301-D419-4BE2-B109-9D489B8584DA}.Release|Any CPU.Build.0 = Release|Any CPU
	EndGlobalSection
	GlobalSection(SolutionProperties) = preSolution
		HideSolutionNode = FALSE
	EndGlobalSection
	GlobalSection(ExtensibilityGlobals) = postSolution
		SolutionGuid = {F69808DC-43B4-457A-8EF0-C2A4F4A010B5}
	EndGlobalSection
EndGlobal
